
Microsoft Visual Studio Solution File, Format Version 12.00
# Visual Studio Version 17
VisualStudioVersion = 17.0.32014.148
MinimumVisualStudioVersion = 15.0.26124.0
Project("{9A19103F-16F7-4668-BE54-9A1E7A4F7556}") = "Presentation.WebSPA", "Presentation.WebSPA\Presentation.WebSPA.csproj", "{234964C6-0AD0-4AB9-B661-6FC9A38D2EA2}"
EndProject
Project("{00D1A9C2-B5F0-4AF3-8072-F6C62B433612}") = "SSDT.Northwind", "SSDT.Northwind\SSDT.Northwind.sqlproj", "{B24CCCB5-EF56-40CF-9D6A-5F4333991AFF}"
EndProject
Project("{2150E333-8FDC-42A3-9474-1A3956D46DE8}") = "Infrastructure", "Infrastructure", "{80F1C3E7-BC50-4D10-823C-F622BCB4B5D4}"
EndProject
Project("{9A19103F-16F7-4668-BE54-9A1E7A4F7556}") = "Infra.Persistence.EF", "Infra.Persistence.EF\Infra.Persistence.EF.csproj", "{E5AE6B05-6140-4053-A0E0-4DF7010A48BA}"
EndProject
Project("{2150E333-8FDC-42A3-9474-1A3956D46DE8}") = "Solution Items", "Solution Items", "{3B4F206B-BE60-489A-A925-30459E929EC2}"
	ProjectSection(SolutionItems) = preProject
		Directory.Build.props = Directory.Build.props
	EndProjectSection
EndProject
Project("{2150E333-8FDC-42A3-9474-1A3956D46DE8}") = "Core", "Core", "{3F691DE4-92C6-4D87-9DC5-C068DAA43975}"
EndProject
Project("{9A19103F-16F7-4668-BE54-9A1E7A4F7556}") = "SharedKernel", "SharedKernel\SharedKernel.csproj", "{FFBD91F0-F72F-4380-9E29-A0DF9AAE2D75}"
EndProject
Project("{2150E333-8FDC-42A3-9474-1A3956D46DE8}") = "Testing", "Testing", "{8B94F406-D136-4E29-8CFB-162374654DCE}"
EndProject
Project("{FAE04EC0-301F-11D3-BF4B-00C04F79EFBC}") = "Northwind.UnitTests", "Northwind.UnitTests\Northwind.UnitTests.csproj", "{E45BACF3-F896-4710-ADCC-313EC40633F9}"
EndProject
Global
	GlobalSection(SolutionConfigurationPlatforms) = preSolution
		Debug|Any CPU = Debug|Any CPU
		Debug|x64 = Debug|x64
		Debug|x86 = Debug|x86
		Release|Any CPU = Release|Any CPU
		Release|x64 = Release|x64
		Release|x86 = Release|x86
	EndGlobalSection
	GlobalSection(ProjectConfigurationPlatforms) = postSolution
		{234964C6-0AD0-4AB9-B661-6FC9A38D2EA2}.Debug|Any CPU.ActiveCfg = Debug|Any CPU
		{234964C6-0AD0-4AB9-B661-6FC9A38D2EA2}.Debug|Any CPU.Build.0 = Debug|Any CPU
		{234964C6-0AD0-4AB9-B661-6FC9A38D2EA2}.Debug|x64.ActiveCfg = Debug|Any CPU
		{234964C6-0AD0-4AB9-B661-6FC9A38D2EA2}.Debug|x64.Build.0 = Debug|Any CPU
		{234964C6-0AD0-4AB9-B661-6FC9A38D2EA2}.Debug|x86.ActiveCfg = Debug|Any CPU
		{234964C6-0AD0-4AB9-B661-6FC9A38D2EA2}.Debug|x86.Build.0 = Debug|Any CPU
		{234964C6-0AD0-4AB9-B661-6FC9A38D2EA2}.Release|Any CPU.ActiveCfg = Release|Any CPU
		{234964C6-0AD0-4AB9-B661-6FC9A38D2EA2}.Release|Any CPU.Build.0 = Release|Any CPU
		{234964C6-0AD0-4AB9-B661-6FC9A38D2EA2}.Release|x64.ActiveCfg = Release|Any CPU
		{234964C6-0AD0-4AB9-B661-6FC9A38D2EA2}.Release|x64.Build.0 = Release|Any CPU
		{234964C6-0AD0-4AB9-B661-6FC9A38D2EA2}.Release|x86.ActiveCfg = Release|Any CPU
		{234964C6-0AD0-4AB9-B661-6FC9A38D2EA2}.Release|x86.Build.0 = Release|Any CPU
		{B24CCCB5-EF56-40CF-9D6A-5F4333991AFF}.Debug|Any CPU.ActiveCfg = Debug|Any CPU
		{B24CCCB5-EF56-40CF-9D6A-5F4333991AFF}.Debug|Any CPU.Build.0 = Debug|Any CPU
		{B24CCCB5-EF56-40CF-9D6A-5F4333991AFF}.Debug|Any CPU.Deploy.0 = Debug|Any CPU
		{B24CCCB5-EF56-40CF-9D6A-5F4333991AFF}.Debug|x64.ActiveCfg = Debug|Any CPU
		{B24CCCB5-EF56-40CF-9D6A-5F4333991AFF}.Debug|x64.Build.0 = Debug|Any CPU
		{B24CCCB5-EF56-40CF-9D6A-5F4333991AFF}.Debug|x64.Deploy.0 = Debug|Any CPU
		{B24CCCB5-EF56-40CF-9D6A-5F4333991AFF}.Debug|x86.ActiveCfg = Debug|Any CPU
		{B24CCCB5-EF56-40CF-9D6A-5F4333991AFF}.Debug|x86.Build.0 = Debug|Any CPU
		{B24CCCB5-EF56-40CF-9D6A-5F4333991AFF}.Debug|x86.Deploy.0 = Debug|Any CPU
		{B24CCCB5-EF56-40CF-9D6A-5F4333991AFF}.Release|Any CPU.ActiveCfg = Release|Any CPU
		{B24CCCB5-EF56-40CF-9D6A-5F4333991AFF}.Release|Any CPU.Build.0 = Release|Any CPU
		{B24CCCB5-EF56-40CF-9D6A-5F4333991AFF}.Release|Any CPU.Deploy.0 = Release|Any CPU
		{B24CCCB5-EF56-40CF-9D6A-5F4333991AFF}.Release|x64.ActiveCfg = Release|Any CPU
		{B24CCCB5-EF56-40CF-9D6A-5F4333991AFF}.Release|x64.Build.0 = Release|Any CPU
		{B24CCCB5-EF56-40CF-9D6A-5F4333991AFF}.Release|x64.Deploy.0 = Release|Any CPU
		{B24CCCB5-EF56-40CF-9D6A-5F4333991AFF}.Release|x86.ActiveCfg = Release|Any CPU
		{B24CCCB5-EF56-40CF-9D6A-5F4333991AFF}.Release|x86.Build.0 = Release|Any CPU
		{B24CCCB5-EF56-40CF-9D6A-5F4333991AFF}.Release|x86.Deploy.0 = Release|Any CPU
		{E5AE6B05-6140-4053-A0E0-4DF7010A48BA}.Debug|Any CPU.ActiveCfg = Debug|Any CPU
		{E5AE6B05-6140-4053-A0E0-4DF7010A48BA}.Debug|Any CPU.Build.0 = Debug|Any CPU
		{E5AE6B05-6140-4053-A0E0-4DF7010A48BA}.Debug|x64.ActiveCfg = Debug|Any CPU
		{E5AE6B05-6140-4053-A0E0-4DF7010A48BA}.Debug|x64.Build.0 = Debug|Any CPU
		{E5AE6B05-6140-4053-A0E0-4DF7010A48BA}.Debug|x86.ActiveCfg = Debug|Any CPU
		{E5AE6B05-6140-4053-A0E0-4DF7010A48BA}.Debug|x86.Build.0 = Debug|Any CPU
		{E5AE6B05-6140-4053-A0E0-4DF7010A48BA}.Release|Any CPU.ActiveCfg = Release|Any CPU
		{E5AE6B05-6140-4053-A0E0-4DF7010A48BA}.Release|Any CPU.Build.0 = Release|Any CPU
		{E5AE6B05-6140-4053-A0E0-4DF7010A48BA}.Release|x64.ActiveCfg = Release|Any CPU
		{E5AE6B05-6140-4053-A0E0-4DF7010A48BA}.Release|x64.Build.0 = Release|Any CPU
		{E5AE6B05-6140-4053-A0E0-4DF7010A48BA}.Release|x86.ActiveCfg = Release|Any CPU
		{E5AE6B05-6140-4053-A0E0-4DF7010A48BA}.Release|x86.Build.0 = Release|Any CPU
		{FFBD91F0-F72F-4380-9E29-A0DF9AAE2D75}.Debug|Any CPU.ActiveCfg = Debug|Any CPU
		{FFBD91F0-F72F-4380-9E29-A0DF9AAE2D75}.Debug|Any CPU.Build.0 = Debug|Any CPU
		{FFBD91F0-F72F-4380-9E29-A0DF9AAE2D75}.Debug|x64.ActiveCfg = Debug|Any CPU
		{FFBD91F0-F72F-4380-9E29-A0DF9AAE2D75}.Debug|x64.Build.0 = Debug|Any CPU
		{FFBD91F0-F72F-4380-9E29-A0DF9AAE2D75}.Debug|x86.ActiveCfg = Debug|Any CPU
		{FFBD91F0-F72F-4380-9E29-A0DF9AAE2D75}.Debug|x86.Build.0 = Debug|Any CPU
		{FFBD91F0-F72F-4380-9E29-A0DF9AAE2D75}.Release|Any CPU.ActiveCfg = Release|Any CPU
		{FFBD91F0-F72F-4380-9E29-A0DF9AAE2D75}.Release|Any CPU.Build.0 = Release|Any CPU
		{FFBD91F0-F72F-4380-9E29-A0DF9AAE2D75}.Release|x64.ActiveCfg = Release|Any CPU
		{FFBD91F0-F72F-4380-9E29-A0DF9AAE2D75}.Release|x64.Build.0 = Release|Any CPU
		{FFBD91F0-F72F-4380-9E29-A0DF9AAE2D75}.Release|x86.ActiveCfg = Release|Any CPU
		{FFBD91F0-F72F-4380-9E29-A0DF9AAE2D75}.Release|x86.Build.0 = Release|Any CPU
		{E45BACF3-F896-4710-ADCC-313EC40633F9}.Debug|Any CPU.ActiveCfg = Debug|Any CPU
		{E45BACF3-F896-4710-ADCC-313EC40633F9}.Debug|Any CPU.Build.0 = Debug|Any CPU
		{E45BACF3-F896-4710-ADCC-313EC40633F9}.Debug|x64.ActiveCfg = Debug|Any CPU
		{E45BACF3-F896-4710-ADCC-313EC40633F9}.Debug|x64.Build.0 = Debug|Any CPU
		{E45BACF3-F896-4710-ADCC-313EC40633F9}.Debug|x86.ActiveCfg = Debug|Any CPU
		{E45BACF3-F896-4710-ADCC-313EC40633F9}.Debug|x86.Build.0 = Debug|Any CPU
		{E45BACF3-F896-4710-ADCC-313EC40633F9}.Release|Any CPU.ActiveCfg = Release|Any CPU
		{E45BACF3-F896-4710-ADCC-313EC40633F9}.Release|Any CPU.Build.0 = Release|Any CPU
		{E45BACF3-F896-4710-ADCC-313EC40633F9}.Release|x64.ActiveCfg = Release|Any CPU
		{E45BACF3-F896-4710-ADCC-313EC40633F9}.Release|x64.Build.0 = Release|Any CPU
		{E45BACF3-F896-4710-ADCC-313EC40633F9}.Release|x86.ActiveCfg = Release|Any CPU
		{E45BACF3-F896-4710-ADCC-313EC40633F9}.Release|x86.Build.0 = Release|Any CPU
	EndGlobalSection
	GlobalSection(SolutionProperties) = preSolution
		HideSolutionNode = FALSE
	EndGlobalSection
	GlobalSection(NestedProjects) = preSolution
		{E5AE6B05-6140-4053-A0E0-4DF7010A48BA} = {80F1C3E7-BC50-4D10-823C-F622BCB4B5D4}
		{FFBD91F0-F72F-4380-9E29-A0DF9AAE2D75} = {3F691DE4-92C6-4D87-9DC5-C068DAA43975}
		{E45BACF3-F896-4710-ADCC-313EC40633F9} = {8B94F406-D136-4E29-8CFB-162374654DCE}
	EndGlobalSection
	GlobalSection(ExtensibilityGlobals) = postSolution
		SolutionGuid = {02866431-68B3-4256-AC8B-9852E36C7326}
	EndGlobalSection
	GlobalSection(PlasticSccProperties) = preSolution
		ControlledByPlastic = True
		SccProvider = Plastic SCM
	EndGlobalSection
	GlobalSection(PlasticSccProperties) = preSolution
		ControlledByPlastic = True
		SccProvider = Plastic SCM
	EndGlobalSection
	GlobalSection(CodealikeProperties) = postSolution
		SolutionGuid = 78e37fa3-28d5-4f18-bf3d-74260e3a0b77
	EndGlobalSection
EndGlobal
